// !$*UTF8*$!
{
	archiveVersion = 1;
	classes = {
	};
	objectVersion = 56;
	objects = {

/* Begin PBXBuildFile section */
		65D507392A8E2D85009F8159 /* AppDelegate.swift in Sources */ = {isa = PBXBuildFile; fileRef = 65D507382A8E2D85009F8159 /* AppDelegate.swift */; };
		65D5073B2A8E2D85009F8159 /* SceneDelegate.swift in Sources */ = {isa = PBXBuildFile; fileRef = 65D5073A2A8E2D85009F8159 /* SceneDelegate.swift */; };
		65D5073D2A8E2D85009F8159 /* ViewController.swift in Sources */ = {isa = PBXBuildFile; fileRef = 65D5073C2A8E2D85009F8159 /* ViewController.swift */; };
		65D507402A8E2D85009F8159 /* Main.storyboard in Resources */ = {isa = PBXBuildFile; fileRef = 65D5073E2A8E2D85009F8159 /* Main.storyboard */; };
		65D507422A8E2D86009F8159 /* Assets.xcassets in Resources */ = {isa = PBXBuildFile; fileRef = 65D507412A8E2D86009F8159 /* Assets.xcassets */; };
		65D507452A8E2D86009F8159 /* LaunchScreen.storyboard in Resources */ = {isa = PBXBuildFile; fileRef = 65D507432A8E2D86009F8159 /* LaunchScreen.storyboard */; };
		65D5074D2A8E2E9D009F8159 /* Info.swift in Sources */ = {isa = PBXBuildFile; fileRef = 65D5074C2A8E2E9D009F8159 /* Info.swift */; };
		65D5074F2A8E2F31009F8159 /* PersistentStoreManager.swift in Sources */ = {isa = PBXBuildFile; fileRef = 65D5074E2A8E2F31009F8159 /* PersistentStoreManager.swift */; };
		65D507512A8E3349009F8159 /* DataModelController.swift in Sources */ = {isa = PBXBuildFile; fileRef = 65D507502A8E3349009F8159 /* DataModelController.swift */; };
		65D507532A8E3439009F8159 /* ViewControllerVM.swift in Sources */ = {isa = PBXBuildFile; fileRef = 65D507522A8E3439009F8159 /* ViewControllerVM.swift */; };
		65D507572A8E35DF009F8159 /* ResponsesTableViewController.swift in Sources */ = {isa = PBXBuildFile; fileRef = 65D507562A8E35DF009F8159 /* ResponsesTableViewController.swift */; };
		65D507592A8E3636009F8159 /* ResponsesTableViewControllerVM.swift in Sources */ = {isa = PBXBuildFile; fileRef = 65D507582A8E3636009F8159 /* ResponsesTableViewControllerVM.swift */; };
		65D5075B2A8E3772009F8159 /* DetailsViewController.swift in Sources */ = {isa = PBXBuildFile; fileRef = 65D5075A2A8E3772009F8159 /* DetailsViewController.swift */; };
		65D5075D2A8E37A9009F8159 /* DetailsViewControllerVM.swift in Sources */ = {isa = PBXBuildFile; fileRef = 65D5075C2A8E37A9009F8159 /* DetailsViewControllerVM.swift */; };
/* End PBXBuildFile section */

/* Begin PBXFileReference section */
		65D507352A8E2D85009F8159 /* PropertyListDemo.app */ = {isa = PBXFileReference; explicitFileType = wrapper.application; includeInIndex = 0; path = PropertyListDemo.app; sourceTree = BUILT_PRODUCTS_DIR; };
		65D507382A8E2D85009F8159 /* AppDelegate.swift */ = {isa = PBXFileReference; lastKnownFileType = sourcecode.swift; path = AppDelegate.swift; sourceTree = "<group>"; };
		65D5073A2A8E2D85009F8159 /* SceneDelegate.swift */ = {isa = PBXFileReference; lastKnownFileType = sourcecode.swift; path = SceneDelegate.swift; sourceTree = "<group>"; };
		65D5073C2A8E2D85009F8159 /* ViewController.swift */ = {isa = PBXFileReference; lastKnownFileType = sourcecode.swift; path = ViewController.swift; sourceTree = "<group>"; };
		65D5073F2A8E2D85009F8159 /* Base */ = {isa = PBXFileReference; lastKnownFileType = file.storyboard; name = Base; path = Base.lproj/Main.storyboard; sourceTree = "<group>"; };
		65D507412A8E2D86009F8159 /* Assets.xcassets */ = {isa = PBXFileReference; lastKnownFileType = folder.assetcatalog; path = Assets.xcassets; sourceTree = "<group>"; };
		65D507442A8E2D86009F8159 /* Base */ = {isa = PBXFileReference; lastKnownFileType = file.storyboard; name = Base; path = Base.lproj/LaunchScreen.storyboard; sourceTree = "<group>"; };
		65D507462A8E2D86009F8159 /* Info.plist */ = {isa = PBXFileReference; lastKnownFileType = text.plist.xml; path = Info.plist; sourceTree = "<group>"; };
		65D5074C2A8E2E9D009F8159 /* Info.swift */ = {isa = PBXFileReference; lastKnownFileType = sourcecode.swift; path = Info.swift; sourceTree = "<group>"; };
		65D5074E2A8E2F31009F8159 /* PersistentStoreManager.swift */ = {isa = PBXFileReference; lastKnownFileType = sourcecode.swift; path = PersistentStoreManager.swift; sourceTree = "<group>"; };
		65D507502A8E3349009F8159 /* DataModelController.swift */ = {isa = PBXFileReference; lastKnownFileType = sourcecode.swift; path = DataModelController.swift; sourceTree = "<group>"; };
		65D507522A8E3439009F8159 /* ViewControllerVM.swift */ = {isa = PBXFileReference; lastKnownFileType = sourcecode.swift; path = ViewControllerVM.swift; sourceTree = "<group>"; };
		65D507562A8E35DF009F8159 /* ResponsesTableViewController.swift */ = {isa = PBXFileReference; lastKnownFileType = sourcecode.swift; path = ResponsesTableViewController.swift; sourceTree = "<group>"; };
		65D507582A8E3636009F8159 /* ResponsesTableViewControllerVM.swift */ = {isa = PBXFileReference; lastKnownFileType = sourcecode.swift; path = ResponsesTableViewControllerVM.swift; sourceTree = "<group>"; };
		65D5075A2A8E3772009F8159 /* DetailsViewController.swift */ = {isa = PBXFileReference; lastKnownFileType = sourcecode.swift; path = DetailsViewController.swift; sourceTree = "<group>"; };
		65D5075C2A8E37A9009F8159 /* DetailsViewControllerVM.swift */ = {isa = PBXFileReference; lastKnownFileType = sourcecode.swift; path = DetailsViewControllerVM.swift; sourceTree = "<group>"; };
/* End PBXFileReference section */

/* Begin PBXFrameworksBuildPhase section */
		65D507322A8E2D85009F8159 /* Frameworks */ = {
			isa = PBXFrameworksBuildPhase;
			buildActionMask = 2147483647;
			files = (
			);
			runOnlyForDeploymentPostprocessing = 0;
		};
/* End PBXFrameworksBuildPhase section */

/* Begin PBXGroup section */
		65D5072C2A8E2D85009F8159 = {
			isa = PBXGroup;
			children = (
				65D507372A8E2D85009F8159 /* PropertyListDemo */,
				65D507362A8E2D85009F8159 /* Products */,
			);
			sourceTree = "<group>";
		};
		65D507362A8E2D85009F8159 /* Products */ = {
			isa = PBXGroup;
			children = (
				65D507352A8E2D85009F8159 /* PropertyListDemo.app */,
			);
			name = Products;
			sourceTree = "<group>";
		};
		65D507372A8E2D85009F8159 /* PropertyListDemo */ = {
			isa = PBXGroup;
			children = (
				65D507382A8E2D85009F8159 /* AppDelegate.swift */,
				65D5073A2A8E2D85009F8159 /* SceneDelegate.swift */,
				65D5075E2A8E4B4C009F8159 /* Screen 1 */,
				65D507612A8E4B67009F8159 /* Model */,
				65D5075F2A8E4B56009F8159 /* Screen 3 */,
				65D5073E2A8E2D85009F8159 /* Main.storyboard */,
				65D507602A8E4B5E009F8159 /* Screen 2 */,
				65D507412A8E2D86009F8159 /* Assets.xcassets */,
				65D507432A8E2D86009F8159 /* LaunchScreen.storyboard */,
				65D507462A8E2D86009F8159 /* Info.plist */,
			);
			path = PropertyListDemo;
			sourceTree = "<group>";
		};
		65D5075E2A8E4B4C009F8159 /* Screen 1 */ = {
			isa = PBXGroup;
			children = (
				65D5073C2A8E2D85009F8159 /* ViewController.swift */,
				65D507522A8E3439009F8159 /* ViewControllerVM.swift */,
			);
			path = "Screen 1";
			sourceTree = "<group>";
		};
		65D5075F2A8E4B56009F8159 /* Screen 3 */ = {
			isa = PBXGroup;
			children = (
				65D5075A2A8E3772009F8159 /* DetailsViewController.swift */,
				65D5075C2A8E37A9009F8159 /* DetailsViewControllerVM.swift */,
			);
			path = "Screen 3";
			sourceTree = "<group>";
		};
		65D507602A8E4B5E009F8159 /* Screen 2 */ = {
			isa = PBXGroup;
			children = (
				65D507562A8E35DF009F8159 /* ResponsesTableViewController.swift */,
				65D507582A8E3636009F8159 /* ResponsesTableViewControllerVM.swift */,
			);
			path = "Screen 2";
			sourceTree = "<group>";
		};
		65D507612A8E4B67009F8159 /* Model */ = {
			isa = PBXGroup;
			children = (
				65D5074C2A8E2E9D009F8159 /* Info.swift */,
				65D5074E2A8E2F31009F8159 /* PersistentStoreManager.swift */,
				65D507502A8E3349009F8159 /* DataModelController.swift */,
			);
			path = Model;
			sourceTree = "<group>";
		};
/* End PBXGroup section */

/* Begin PBXNativeTarget section */
		65D507342A8E2D85009F8159 /* PropertyListDemo */ = {
			isa = PBXNativeTarget;
			buildConfigurationList = 65D507492A8E2D86009F8159 /* Build configuration list for PBXNativeTarget "PropertyListDemo" */;
			buildPhases = (
				65D507312A8E2D85009F8159 /* Sources */,
				65D507322A8E2D85009F8159 /* Frameworks */,
				65D507332A8E2D85009F8159 /* Resources */,
			);
			buildRules = (
			);
			dependencies = (
			);
			name = PropertyListDemo;
			productName = PropertyListDemo;
			productReference = 65D507352A8E2D85009F8159 /* PropertyListDemo.app */;
			productType = "com.apple.product-type.application";
		};
/* End PBXNativeTarget section */

/* Begin PBXProject section */
		65D5072D2A8E2D85009F8159 /* Project object */ = {
			isa = PBXProject;
			attributes = {
				BuildIndependentTargetsInParallel = 1;
				LastSwiftUpdateCheck = 1430;
				LastUpgradeCheck = 1430;
				TargetAttributes = {
					65D507342A8E2D85009F8159 = {
						CreatedOnToolsVersion = 14.3.1;
					};
				};
			};
			buildConfigurationList = 65D507302A8E2D85009F8159 /* Build configuration list for PBXProject "PropertyListDemo" */;
			compatibilityVersion = "Xcode 14.0";
			developmentRegion = en;
			hasScannedForEncodings = 0;
			knownRegions = (
				en,
				Base,
			);
			mainGroup = 65D5072C2A8E2D85009F8159;
			productRefGroup = 65D507362A8E2D85009F8159 /* Products */;
			projectDirPath = "";
			projectRoot = "";
			targets = (
				65D507342A8E2D85009F8159 /* PropertyListDemo */,
			);
		};
/* End PBXProject section */

/* Begin PBXResourcesBuildPhase section */
		65D507332A8E2D85009F8159 /* Resources */ = {
			isa = PBXResourcesBuildPhase;
			buildActionMask = 2147483647;
			files = (
				65D507452A8E2D86009F8159 /* LaunchScreen.storyboard in Resources */,
				65D507422A8E2D86009F8159 /* Assets.xcassets in Resources */,
				65D507402A8E2D85009F8159 /* Main.storyboard in Resources */,
			);
			runOnlyForDeploymentPostprocessing = 0;
		};
/* End PBXResourcesBuildPhase section */

/* Begin PBXSourcesBuildPhase section */
		65D507312A8E2D85009F8159 /* Sources */ = {
			isa = PBXSourcesBuildPhase;
			buildActionMask = 2147483647;
			files = (
				65D5073D2A8E2D85009F8159 /* ViewController.swift in Sources */,
				65D5075D2A8E37A9009F8159 /* DetailsViewControllerVM.swift in Sources */,
				65D5074F2A8E2F31009F8159 /* PersistentStoreManager.swift in Sources */,
				65D507592A8E3636009F8159 /* ResponsesTableViewControllerVM.swift in Sources */,
				65D5074D2A8E2E9D009F8159 /* Info.swift in Sources */,
				65D507512A8E3349009F8159 /* DataModelController.swift in Sources */,
				65D507392A8E2D85009F8159 /* AppDelegate.swift in Sources */,
				65D5073B2A8E2D85009F8159 /* SceneDelegate.swift in Sources */,
				65D507572A8E35DF009F8159 /* ResponsesTableViewController.swift in Sources */,
				65D507532A8E3439009F8159 /* ViewControllerVM.swift in Sources */,
				65D5075B2A8E3772009F8159 /* DetailsViewController.swift in Sources */,
			);
			runOnlyForDeploymentPostprocessing = 0;
		};
/* End PBXSourcesBuildPhase section */

/* Begin PBXVariantGroup section */
		65D5073E2A8E2D85009F8159 /* Main.storyboard */ = {
			isa = PBXVariantGroup;
			children = (
				65D5073F2A8E2D85009F8159 /* Base */,
			);
			name = Main.storyboard;
			sourceTree = "<group>";
		};
		65D507432A8E2D86009F8159 /* LaunchScreen.storyboard */ = {
			isa = PBXVariantGroup;
			children = (
				65D507442A8E2D86009F8159 /* Base */,
			);
			name = LaunchScreen.storyboard;
			sourceTree = "<group>";
		};
/* End PBXVariantGroup section */

/* Begin XCBuildConfiguration section */
		65D507472A8E2D86009F8159 /* Debug */ = {
			isa = XCBuildConfiguration;
			buildSettings = {
				ALWAYS_SEARCH_USER_PATHS = NO;
				CLANG_ANALYZER_NONNULL = YES;
				CLANG_ANALYZER_NUMBER_OBJECT_CONVERSION = YES_AGGRESSIVE;
				CLANG_CXX_LANGUAGE_STANDARD = "gnu++20";
				CLANG_ENABLE_MODULES = YES;
				CLANG_ENABLE_OBJC_ARC = YES;
				CLANG_ENABLE_OBJC_WEAK = YES;
				CLANG_WARN_BLOCK_CAPTURE_AUTORELEASING = YES;
				CLANG_WARN_BOOL_CONVERSION = YES;
				CLANG_WARN_COMMA = YES;
				CLANG_WARN_CONSTANT_CONVERSION = YES;
				CLANG_WARN_DEPRECATED_OBJC_IMPLEMENTATIONS = YES;
				CLANG_WARN_DIRECT_OBJC_ISA_USAGE = YES_ERROR;
				CLANG_WARN_DOCUMENTATION_COMMENTS = YES;
				CLANG_WARN_EMPTY_BODY = YES;
				CLANG_WARN_ENUM_CONVERSION = YES;
				CLANG_WARN_INFINITE_RECURSION = YES;
				CLANG_WARN_INT_CONVERSION = YES;
				CLANG_WARN_NON_LITERAL_NULL_CONVERSION = YES;
				CLANG_WARN_OBJC_IMPLICIT_RETAIN_SELF = YES;
				CLANG_WARN_OBJC_LITERAL_CONVERSION = YES;
				CLANG_WARN_OBJC_ROOT_CLASS = YES_ERROR;
				CLANG_WARN_QUOTED_INCLUDE_IN_FRAMEWORK_HEADER = YES;
				CLANG_WARN_RANGE_LOOP_ANALYSIS = YES;
				CLANG_WARN_STRICT_PROTOTYPES = YES;
				CLANG_WARN_SUSPICIOUS_MOVE = YES;
				CLANG_WARN_UNGUARDED_AVAILABILITY = YES_AGGRESSIVE;
				CLANG_WARN_UNREACHABLE_CODE = YES;
				CLANG_WARN__DUPLICATE_METHOD_MATCH = YES;
				COPY_PHASE_STRIP = NO;
				DEBUG_INFORMATION_FORMAT = dwarf;
				ENABLE_STRICT_OBJC_MSGSEND = YES;
				ENABLE_TESTABILITY = YES;
				GCC_C_LANGUAGE_STANDARD = gnu11;
				GCC_DYNAMIC_NO_PIC = NO;
				GCC_NO_COMMON_BLOCKS = YES;
				GCC_OPTIMIZATION_LEVEL = 0;
				GCC_PREPROCESSOR_DEFINITIONS = (
					"DEBUG=1",
					"$(inherited)",
				);
				GCC_WARN_64_TO_32_BIT_CONVERSION = YES;
				GCC_WARN_ABOUT_RETURN_TYPE = YES_ERROR;
				GCC_WARN_UNDECLARED_SELECTOR = YES;
				GCC_WARN_UNINITIALIZED_AUTOS = YES_AGGRESSIVE;
				GCC_WARN_UNUSED_FUNCTION = YES;
				GCC_WARN_UNUSED_VARIABLE = YES;
				IPHONEOS_DEPLOYMENT_TARGET = 16.4;
				MTL_ENABLE_DEBUG_INFO = INCLUDE_SOURCE;
				MTL_FAST_MATH = YES;
				ONLY_ACTIVE_ARCH = YES;
				SDKROOT = iphoneos;
				SWIFT_ACTIVE_COMPILATION_CONDITIONS = DEBUG;
				SWIFT_OPTIMIZATION_LEVEL = "-Onone";
			};
			name = Debug;
		};
		65D507482A8E2D86009F8159 /* Release */ = {
			isa = XCBuildConfiguration;
			buildSettings = {
				ALWAYS_SEARCH_USER_PATHS = NO;
				CLANG_ANALYZER_NONNULL = YES;
				CLANG_ANALYZER_NUMBER_OBJECT_CONVERSION = YES_AGGRESSIVE;
				CLANG_CXX_LANGUAGE_STANDARD = "gnu++20";
				CLANG_ENABLE_MODULES = YES;
				CLANG_ENABLE_OBJC_ARC = YES;
				CLANG_ENABLE_OBJC_WEAK = YES;
				CLANG_WARN_BLOCK_CAPTURE_AUTORELEASING = YES;
				CLANG_WARN_BOOL_CONVERSION = YES;
				CLANG_WARN_COMMA = YES;
				CLANG_WARN_CONSTANT_CONVERSION = YES;
				CLANG_WARN_DEPRECATED_OBJC_IMPLEMENTATIONS = YES;
				CLANG_WARN_DIRECT_OBJC_ISA_USAGE = YES_ERROR;
				CLANG_WARN_DOCUMENTATION_COMMENTS = YES;
				CLANG_WARN_EMPTY_BODY = YES;
				CLANG_WARN_ENUM_CONVERSION = YES;
				CLANG_WARN_INFINITE_RECURSION = YES;
				CLANG_WARN_INT_CONVERSION = YES;
				CLANG_WARN_NON_LITERAL_NULL_CONVERSION = YES;
				CLANG_WARN_OBJC_IMPLICIT_RETAIN_SELF = YES;
				CLANG_WARN_OBJC_LITERAL_CONVERSION = YES;
				CLANG_WARN_OBJC_ROOT_CLASS = YES_ERROR;
				CLANG_WARN_QUOTED_INCLUDE_IN_FRAMEWORK_HEADER = YES;
				CLANG_WARN_RANGE_LOOP_ANALYSIS = YES;
				CLANG_WARN_STRICT_PROTOTYPES = YES;
				CLANG_WARN_SUSPICIOUS_MOVE = YES;
				CLANG_WARN_UNGUARDED_AVAILABILITY = YES_AGGRESSIVE;
				CLANG_WARN_UNREACHABLE_CODE = YES;
				CLANG_WARN__DUPLICATE_METHOD_MATCH = YES;
				COPY_PHASE_STRIP = NO;
				DEBUG_INFORMATION_FORMAT = "dwarf-with-dsym";
				ENABLE_NS_ASSERTIONS = NO;
				ENABLE_STRICT_OBJC_MSGSEND = YES;
				GCC_C_LANGUAGE_STANDARD = gnu11;
				GCC_NO_COMMON_BLOCKS = YES;
				GCC_WARN_64_TO_32_BIT_CONVERSION = YES;
				GCC_WARN_ABOUT_RETURN_TYPE = YES_ERROR;
				GCC_WARN_UNDECLARED_SELECTOR = YES;
				GCC_WARN_UNINITIALIZED_AUTOS = YES_AGGRESSIVE;
				GCC_WARN_UNUSED_FUNCTION = YES;
				GCC_WARN_UNUSED_VARIABLE = YES;
				IPHONEOS_DEPLOYMENT_TARGET = 16.4;
				MTL_ENABLE_DEBUG_INFO = NO;
				MTL_FAST_MATH = YES;
				SDKROOT = iphoneos;
				SWIFT_COMPILATION_MODE = wholemodule;
				SWIFT_OPTIMIZATION_LEVEL = "-O";
				VALIDATE_PRODUCT = YES;
			};
			name = Release;
		};
		65D5074A2A8E2D86009F8159 /* Debug */ = {
			isa = XCBuildConfiguration;
			buildSettings = {
				ASSETCATALOG_COMPILER_APPICON_NAME = AppIcon;
				ASSETCATALOG_COMPILER_GLOBAL_ACCENT_COLOR_NAME = AccentColor;
				CODE_SIGN_STYLE = Automatic;
				CURRENT_PROJECT_VERSION = 1;
				GENERATE_INFOPLIST_FILE = YES;
				INFOPLIST_FILE = PropertyListDemo/Info.plist;
				INFOPLIST_KEY_UIApplicationSupportsIndirectInputEvents = YES;
				INFOPLIST_KEY_UILaunchStoryboardName = LaunchScreen;
				INFOPLIST_KEY_UIMainStoryboardFile = Main;
				INFOPLIST_KEY_UISupportedInterfaceOrientations_iPad = "UIInterfaceOrientationPortrait UIInterfaceOrientationPortraitUpsideDown UIInterfaceOrientationLandscapeLeft UIInterfaceOrientationLandscapeRight";
				INFOPLIST_KEY_UISupportedInterfaceOrientations_iPhone = "UIInterfaceOrientationPortrait UIInterfaceOrientationLandscapeLeft UIInterfaceOrientationLandscapeRight";
				LD_RUNPATH_SEARCH_PATHS = (
					"$(inherited)",
					"@executable_path/Frameworks",
				);
				MARKETING_VERSION = 1.0;
				PRODUCT_BUNDLE_IDENTIFIER = demo.PropertyListDemo;
				PRODUCT_NAME = "$(TARGET_NAME)";
				SWIFT_EMIT_LOC_STRINGS = YES;
				SWIFT_VERSION = 5.0;
				TARGETED_DEVICE_FAMILY = "1,2";
			};
			name = Debug;
		};
		65D5074B2A8E2D86009F8159 /* Release */ = {
			isa = XCBuildConfiguration;
			buildSettings = {
				ASSETCATALOG_COMPILER_APPICON_NAME = AppIcon;
				ASSETCATALOG_COMPILER_GLOBAL_ACCENT_COLOR_NAME = AccentColor;
				CODE_SIGN_STYLE = Automatic;
				CURRENT_PROJECT_VERSION = 1;
				GENERATE_INFOPLIST_FILE = YES;
				INFOPLIST_FILE = PropertyListDemo/Info.plist;
				INFOPLIST_KEY_UIApplicationSupportsIndirectInputEvents = YES;
				INFOPLIST_KEY_UILaunchStoryboardName = LaunchScreen;
				INFOPLIST_KEY_UIMainStoryboardFile = Main;
				INFOPLIST_KEY_UISupportedInterfaceOrientations_iPad = "UIInterfaceOrientationPortrait UIInterfaceOrientationPortraitUpsideDown UIInterfaceOrientationLandscapeLeft UIInterfaceOrientationLandscapeRight";
				INFOPLIST_KEY_UISupportedInterfaceOrientations_iPhone = "UIInterfaceOrientationPortrait UIInterfaceOrientationLandscapeLeft UIInterfaceOrientationLandscapeRight";
				LD_RUNPATH_SEARCH_PATHS = (
					"$(inherited)",
					"@executable_path/Frameworks",
				);
				MARKETING_VERSION = 1.0;
				PRODUCT_BUNDLE_IDENTIFIER = demo.PropertyListDemo;
				PRODUCT_NAME = "$(TARGET_NAME)";
				SWIFT_EMIT_LOC_STRINGS = YES;
				SWIFT_VERSION = 5.0;
				TARGETED_DEVICE_FAMILY = "1,2";
			};
			name = Release;
		};
/* End XCBuildConfiguration section */

/* Begin XCConfigurationList section */
		65D507302A8E2D85009F8159 /* Build configuration list for PBXProject "PropertyListDemo" */ = {
			isa = XCConfigurationList;
			buildConfigurations = (
				65D507472A8E2D86009F8159 /* Debug */,
				65D507482A8E2D86009F8159 /* Release */,
			);
			defaultConfigurationIsVisible = 0;
			defaultConfigurationName = Release;
		};
		65D507492A8E2D86009F8159 /* Build configuration list for PBXNativeTarget "PropertyListDemo" */ = {
			isa = XCConfigurationList;
			buildConfigurations = (
				65D5074A2A8E2D86009F8159 /* Debug */,
				65D5074B2A8E2D86009F8159 /* Release */,
			);
			defaultConfigurationIsVisible = 0;
			defaultConfigurationName = Release;
		};
/* End XCConfigurationList section */
	};
	rootObject = 65D5072D2A8E2D85009F8159 /* Project object */;
}
